{
  "version": 4,
  "terraform_version": "1.13.4",
  "serial": 67,
  "lineage": "2ad70c38-bb2f-fd6d-a1c7-ca89a89a9b4b",
  "outputs": {
    "api_endpoint": {
      "value": "https://tantiboro.com/api/counter",
      "type": "string"
    },
    "bucket_url": {
      "value": "http://storage.googleapis.com/cloud-resume-gcp-478116-resume-site/index.html",
      "type": "string"
    },
    "function_url": {
      "value": "https://visitor-counter-g66s7v5f6a-uc.a.run.app",
      "type": "string"
    },
    "lb_ip": {
      "value": "136.110.196.179",
      "type": "string"
    }
  },
  "resources": [
    {
      "mode": "data",
      "type": "archive_file",
      "name": "function_zip",
      "provider": "provider[\"registry.terraform.io/hashicorp/archive\"]",
      "instances": [
        {
          "schema_version": 0,
          "attributes": {
            "exclude_symlink_directories": null,
            "excludes": null,
            "id": "817209542046bd1db91b16799a573493caba08e8",
            "output_base64sha256": "g8rS7xRm4rGMTGM9oim/FBKevDnvzZvkbvw3enUG22A=",
            "output_base64sha512": "AY64CXwmYo+RIUGDpxtVGJphjtoDLA9t+821jC8BuQ1An5SwzYiayDddB7d+23vjSG2Y/bltwxAjC7A9dVIcyw==",
            "output_file_mode": null,
            "output_md5": "74ac4ac7c8078c615b6d226d323ab6ad",
            "output_path": "./function.zip",
            "output_sha": "817209542046bd1db91b16799a573493caba08e8",
            "output_sha256": "83cad2ef1466e2b18c4c633da229bf14129ebc39efcd9be46efc377a7506db60",
            "output_sha512": "018eb8097c26628f91214183a71b55189a618eda032c0f6dfbcdb58c2f01b90d409f94b0cd889ac8375d07b77edb7be3486d98fdb96dc310230bb03d75521ccb",
            "output_size": 803,
            "source": [],
            "source_content": null,
            "source_content_filename": null,
            "source_dir": "./../cloud_function",
            "source_file": null,
            "type": "zip"
          },
          "sensitive_attributes": [],
          "identity_schema_version": 0
        }
      ]
    },
    {
      "mode": "managed",
      "type": "google_cloudfunctions2_function",
      "name": "visitor_counter",
      "provider": "provider[\"registry.terraform.io/hashicorp/google\"]",
      "instances": [
        {
          "schema_version": 0,
          "attributes": {
            "build_config": [
              {
                "automatic_update_policy": [
                  {}
                ],
                "build": "projects/425194691072/locations/us-central1/builds/309f4ed3-86a0-4a56-a072-95b15f0d521a",
                "docker_repository": "projects/cloud-resume-gcp-478116/locations/us-central1/repositories/gcf-artifacts",
                "entry_point": "visitor_counter",
                "environment_variables": {},
                "on_deploy_update_policy": [],
                "runtime": "python311",
                "service_account": "projects/cloud-resume-gcp-478116/serviceAccounts/425194691072-compute@developer.gserviceaccount.com",
                "source": [
                  {
                    "repo_source": [],
                    "storage_source": [
                      {
                        "bucket": "cloud-resume-gcp-478116-function-bucket",
                        "generation": 1763172744596283,
                        "object": "function.zip"
                      }
                    ]
                  }
                ],
                "worker_pool": ""
              }
            ],
            "description": "",
            "effective_labels": {
              "goog-terraform-provisioned": "true"
            },
            "environment": "GEN_2",
            "event_trigger": [],
            "id": "projects/cloud-resume-gcp-478116/locations/us-central1/functions/visitor-counter",
            "kms_key_name": "",
            "labels": {},
            "location": "us-central1",
            "name": "visitor-counter",
            "project": "cloud-resume-gcp-478116",
            "service_config": [
              {
                "all_traffic_on_latest_revision": true,
                "available_cpu": "0.1666",
                "available_memory": "256M",
                "binary_authorization_policy": "",
                "environment_variables": {
                  "LOG_EXECUTION_ID": "true"
                },
                "gcf_uri": "",
                "ingress_settings": "ALLOW_ALL",
                "max_instance_count": 0,
                "max_instance_request_concurrency": 1,
                "min_instance_count": 0,
                "secret_environment_variables": [],
                "secret_volumes": [],
                "service": "projects/cloud-resume-gcp-478116/locations/us-central1/services/visitor-counter",
                "service_account_email": "resume-function-sa@cloud-resume-gcp-478116.iam.gserviceaccount.com",
                "timeout_seconds": 10,
                "uri": "https://visitor-counter-g66s7v5f6a-uc.a.run.app",
                "vpc_connector": "",
                "vpc_connector_egress_settings": ""
              }
            ],
            "state": "ACTIVE",
            "terraform_labels": {
              "goog-terraform-provisioned": "true"
            },
            "timeouts": null,
            "update_time": "2025-11-15T02:13:16.987177660Z",
            "url": "https://us-central1-cloud-resume-gcp-478116.cloudfunctions.net/visitor-counter"
          },
          "sensitive_attributes": [],
          "identity_schema_version": 0,
          "private": "eyJlMmJmYjczMC1lY2FhLTExZTYtOGY4OC0zNDM2M2JjN2M0YzAiOnsiY3JlYXRlIjozNjAwMDAwMDAwMDAwLCJkZWxldGUiOjM2MDAwMDAwMDAwMDAsInVwZGF0ZSI6MzYwMDAwMDAwMDAwMH19",
          "dependencies": [
            "data.archive_file.function_zip",
            "google_project_service.cloudbuild_api",
            "google_project_service.cloudfunctions_api",
            "google_project_service.firestore_api",
            "google_service_account.function_sa",
            "google_storage_bucket.function_bucket",
            "google_storage_bucket_object.function_zip_object"
          ]
        }
      ]
    },
    {
      "mode": "managed",
      "type": "google_compute_backend_bucket",
      "name": "resume_backend",
      "provider": "provider[\"registry.terraform.io/hashicorp/google\"]",
      "instances": [
        {
          "schema_version": 0,
          "attributes": {
            "bucket_name": "cloud-resume-gcp-478116-resume-site",
            "cdn_policy": [
              {
                "bypass_cache_on_request_headers": [],
                "cache_key_policy": [],
                "cache_mode": "CACHE_ALL_STATIC",
                "client_ttl": 3600,
                "default_ttl": 3600,
                "max_ttl": 86400,
                "negative_caching": true,
                "negative_caching_policy": [],
                "request_coalescing": true,
                "serve_while_stale": 86400,
                "signed_url_cache_max_age_sec": 0
              }
            ],
            "compression_mode": "",
            "creation_timestamp": "2025-11-14T18:12:26.029-08:00",
            "custom_response_headers": [],
            "description": "",
            "edge_security_policy": "",
            "enable_cdn": true,
            "id": "projects/cloud-resume-gcp-478116/global/backendBuckets/resume-backend-bucket",
            "load_balancing_scheme": "",
            "name": "resume-backend-bucket",
            "project": "cloud-resume-gcp-478116",
            "self_link": "https://www.googleapis.com/compute/v1/projects/cloud-resume-gcp-478116/global/backendBuckets/resume-backend-bucket",
            "timeouts": null
          },
          "sensitive_attributes": [],
          "identity_schema_version": 0,
          "private": "eyJlMmJmYjczMC1lY2FhLTExZTYtOGY4OC0zNDM2M2JjN2M0YzAiOnsiY3JlYXRlIjoxMjAwMDAwMDAwMDAwLCJkZWxldGUiOjEyMDAwMDAwMDAwMDAsInVwZGF0ZSI6MTIwMDAwMDAwMDAwMH19",
          "dependencies": [
            "google_storage_bucket.resume_bucket"
          ]
        }
      ]
    },
    {
      "mode": "managed",
      "type": "google_compute_backend_service",
      "name": "visitor_backend_service",
      "provider": "provider[\"registry.terraform.io/hashicorp/google\"]",
      "instances": [
        {
          "schema_version": 1,
          "attributes": {
            "affinity_cookie_ttl_sec": 0,
            "backend": [
              {
                "balancing_mode": "UTILIZATION",
                "capacity_scaler": 1,
                "custom_metrics": [],
                "description": "",
                "group": "https://www.googleapis.com/compute/v1/projects/cloud-resume-gcp-478116/regions/us-central1/networkEndpointGroups/visitor-counter-neg",
                "max_connections": 0,
                "max_connections_per_endpoint": 0,
                "max_connections_per_instance": 0,
                "max_rate": 0,
                "max_rate_per_endpoint": 0,
                "max_rate_per_instance": 0,
                "max_utilization": 0,
                "preference": ""
              }
            ],
            "cdn_policy": [],
            "circuit_breakers": [],
            "compression_mode": "",
            "connection_draining_timeout_sec": 300,
            "consistent_hash": [],
            "creation_timestamp": "2025-11-14T21:10:38.603-08:00",
            "custom_metrics": [],
            "custom_request_headers": null,
            "custom_response_headers": null,
            "description": "",
            "edge_security_policy": "",
            "enable_cdn": false,
            "external_managed_migration_state": "",
            "external_managed_migration_testing_percentage": 0,
            "fingerprint": "xDpceTybV6I=",
            "generated_id": 8228547791869556129,
            "health_checks": null,
            "iap": [],
            "id": "projects/cloud-resume-gcp-478116/global/backendServices/visitor-backend-service",
            "ip_address_selection_policy": "",
            "load_balancing_scheme": "EXTERNAL",
            "locality_lb_policies": [],
            "locality_lb_policy": "",
            "log_config": [],
            "max_stream_duration": [],
            "name": "visitor-backend-service",
            "outlier_detection": [],
            "port_name": "http",
            "project": "cloud-resume-gcp-478116",
            "protocol": "HTTP",
            "security_policy": "",
            "security_settings": [],
            "self_link": "https://www.googleapis.com/compute/v1/projects/cloud-resume-gcp-478116/global/backendServices/visitor-backend-service",
            "service_lb_policy": "",
            "session_affinity": "NONE",
            "strong_session_affinity_cookie": [],
            "timeout_sec": 30,
            "timeouts": null,
            "tls_settings": []
          },
          "sensitive_attributes": [],
          "identity_schema_version": 0,
          "private": "eyJlMmJmYjczMC1lY2FhLTExZTYtOGY4OC0zNDM2M2JjN2M0YzAiOnsiY3JlYXRlIjoxMjAwMDAwMDAwMDAwLCJkZWxldGUiOjEyMDAwMDAwMDAwMDAsInVwZGF0ZSI6MTIwMDAwMDAwMDAwMH0sInNjaGVtYV92ZXJzaW9uIjoiMSJ9",
          "dependencies": [
            "data.archive_file.function_zip",
            "google_cloudfunctions2_function.visitor_counter",
            "google_compute_region_network_endpoint_group.visitor_neg",
            "google_project_service.cloudbuild_api",
            "google_project_service.cloudfunctions_api",
            "google_project_service.firestore_api",
            "google_service_account.function_sa",
            "google_storage_bucket.function_bucket",
            "google_storage_bucket_object.function_zip_object"
          ]
        }
      ]
    },
    {
      "mode": "managed",
      "type": "google_compute_global_address",
      "name": "resume_ip",
      "provider": "provider[\"registry.terraform.io/hashicorp/google\"]",
      "instances": [
        {
          "schema_version": 0,
          "attributes": {
            "address": "136.110.196.179",
            "address_type": "EXTERNAL",
            "creation_timestamp": "2025-11-14T18:12:24.463-08:00",
            "description": "",
            "effective_labels": {
              "goog-terraform-provisioned": "true"
            },
            "id": "projects/cloud-resume-gcp-478116/global/addresses/resume-lb-ip",
            "ip_version": "",
            "label_fingerprint": "vezUS-42LLM=",
            "labels": {},
            "name": "resume-lb-ip",
            "network": "",
            "prefix_length": 0,
            "project": "cloud-resume-gcp-478116",
            "purpose": "",
            "self_link": "https://www.googleapis.com/compute/v1/projects/cloud-resume-gcp-478116/global/addresses/resume-lb-ip",
            "terraform_labels": {
              "goog-terraform-provisioned": "true"
            },
            "timeouts": null
          },
          "sensitive_attributes": [],
          "identity_schema_version": 0,
          "private": "eyJlMmJmYjczMC1lY2FhLTExZTYtOGY4OC0zNDM2M2JjN2M0YzAiOnsiY3JlYXRlIjoxMjAwMDAwMDAwMDAwLCJkZWxldGUiOjEyMDAwMDAwMDAwMDAsInVwZGF0ZSI6MTIwMDAwMDAwMDAwMH19"
        }
      ]
    },
    {
      "mode": "managed",
      "type": "google_compute_global_forwarding_rule",
      "name": "resume_https_rule",
      "provider": "provider[\"registry.terraform.io/hashicorp/google\"]",
      "instances": [
        {
          "schema_version": 0,
          "attributes": {
            "base_forwarding_rule": "",
            "description": "",
            "effective_labels": {},
            "external_managed_backend_bucket_migration_state": "",
            "external_managed_backend_bucket_migration_testing_percentage": 0,
            "forwarding_rule_id": 596898657911594839,
            "id": "projects/cloud-resume-gcp-478116/global/forwardingRules/resume-https-rule",
            "ip_address": "136.110.196.179",
            "ip_protocol": "TCP",
            "ip_version": "",
            "label_fingerprint": "42WmSpB8rSM=",
            "labels": {},
            "load_balancing_scheme": "EXTERNAL",
            "metadata_filters": [],
            "name": "resume-https-rule",
            "network": "",
            "network_tier": "PREMIUM",
            "no_automate_dns_zone": null,
            "port_range": "443-443",
            "project": "cloud-resume-gcp-478116",
            "psc_connection_id": "",
            "psc_connection_status": "",
            "self_link": "https://www.googleapis.com/compute/v1/projects/cloud-resume-gcp-478116/global/forwardingRules/resume-https-rule",
            "service_directory_registrations": [],
            "source_ip_ranges": [],
            "subnetwork": "",
            "target": "https://www.googleapis.com/compute/v1/projects/cloud-resume-gcp-478116/global/targetHttpsProxies/resume-https-proxy",
            "terraform_labels": {},
            "timeouts": null
          },
          "sensitive_attributes": [],
          "identity_schema_version": 0,
          "private": "eyJlMmJmYjczMC1lY2FhLTExZTYtOGY4OC0zNDM2M2JjN2M0YzAiOnsiY3JlYXRlIjoxMjAwMDAwMDAwMDAwLCJkZWxldGUiOjEyMDAwMDAwMDAwMDAsInVwZGF0ZSI6MTIwMDAwMDAwMDAwMH19",
          "dependencies": [
            "data.archive_file.function_zip",
            "google_cloudfunctions2_function.visitor_counter",
            "google_compute_backend_bucket.resume_backend",
            "google_compute_backend_service.visitor_backend_service",
            "google_compute_global_address.resume_ip",
            "google_compute_managed_ssl_certificate.resume_cert",
            "google_compute_region_network_endpoint_group.visitor_neg",
            "google_compute_target_https_proxy.resume_proxy",
            "google_compute_url_map.resume_url_map",
            "google_project_service.cloudbuild_api",
            "google_project_service.cloudfunctions_api",
            "google_project_service.firestore_api",
            "google_service_account.function_sa",
            "google_storage_bucket.function_bucket",
            "google_storage_bucket.resume_bucket",
            "google_storage_bucket_object.function_zip_object"
          ]
        }
      ]
    },
    {
      "mode": "managed",
      "type": "google_compute_managed_ssl_certificate",
      "name": "resume_cert",
      "provider": "provider[\"registry.terraform.io/hashicorp/google\"]",
      "instances": [
        {
          "schema_version": 0,
          "attributes": {
            "certificate_id": 2628411531720286055,
            "creation_timestamp": "2025-11-14T18:12:24.471-08:00",
            "description": "",
            "expire_time": "2026-02-12T18:54:31.000-08:00",
            "id": "projects/cloud-resume-gcp-478116/global/sslCertificates/resume-cert",
            "managed": [
              {
                "domains": [
                  "tantiboro.com",
                  "www.tantiboro.com"
                ]
              }
            ],
            "name": "resume-cert",
            "project": "cloud-resume-gcp-478116",
            "self_link": "https://www.googleapis.com/compute/v1/projects/cloud-resume-gcp-478116/global/sslCertificates/resume-cert",
            "subject_alternative_names": [
              "tantiboro.com",
              "www.tantiboro.com"
            ],
            "timeouts": null,
            "type": "MANAGED"
          },
          "sensitive_attributes": [],
          "identity_schema_version": 0,
          "private": "eyJlMmJmYjczMC1lY2FhLTExZTYtOGY4OC0zNDM2M2JjN2M0YzAiOnsiY3JlYXRlIjoxODAwMDAwMDAwMDAwLCJkZWxldGUiOjE4MDAwMDAwMDAwMDB9fQ=="
        }
      ]
    },
    {
      "mode": "managed",
      "type": "google_compute_region_network_endpoint_group",
      "name": "visitor_neg",
      "provider": "provider[\"registry.terraform.io/hashicorp/google\"]",
      "instances": [
        {
          "schema_version": 0,
          "attributes": {
            "app_engine": [],
            "cloud_function": [],
            "cloud_run": [
              {
                "service": "visitor-counter",
                "tag": "",
                "url_mask": ""
              }
            ],
            "description": "",
            "id": "projects/cloud-resume-gcp-478116/regions/us-central1/networkEndpointGroups/visitor-counter-neg",
            "name": "visitor-counter-neg",
            "network": "",
            "network_endpoint_type": "SERVERLESS",
            "project": "cloud-resume-gcp-478116",
            "psc_data": [],
            "psc_target_service": "",
            "region": "https://www.googleapis.com/compute/v1/projects/cloud-resume-gcp-478116/regions/us-central1",
            "self_link": "https://www.googleapis.com/compute/v1/projects/cloud-resume-gcp-478116/regions/us-central1/networkEndpointGroups/visitor-counter-neg",
            "subnetwork": "",
            "timeouts": null
          },
          "sensitive_attributes": [],
          "identity_schema_version": 0,
          "private": "eyJlMmJmYjczMC1lY2FhLTExZTYtOGY4OC0zNDM2M2JjN2M0YzAiOnsiY3JlYXRlIjoxMjAwMDAwMDAwMDAwLCJkZWxldGUiOjEyMDAwMDAwMDAwMDB9fQ==",
          "dependencies": [
            "data.archive_file.function_zip",
            "google_cloudfunctions2_function.visitor_counter",
            "google_project_service.cloudbuild_api",
            "google_project_service.cloudfunctions_api",
            "google_project_service.firestore_api",
            "google_service_account.function_sa",
            "google_storage_bucket.function_bucket",
            "google_storage_bucket_object.function_zip_object"
          ]
        }
      ]
    },
    {
      "mode": "managed",
      "type": "google_compute_target_https_proxy",
      "name": "resume_proxy",
      "provider": "provider[\"registry.terraform.io/hashicorp/google\"]",
      "instances": [
        {
          "schema_version": 0,
          "attributes": {
            "certificate_manager_certificates": [],
            "certificate_map": "",
            "creation_timestamp": "2025-11-14T18:13:00.457-08:00",
            "description": "",
            "fingerprint": "jBrBaoXCuqM=",
            "http_keep_alive_timeout_sec": 0,
            "id": "projects/cloud-resume-gcp-478116/global/targetHttpsProxies/resume-https-proxy",
            "name": "resume-https-proxy",
            "project": "cloud-resume-gcp-478116",
            "proxy_bind": false,
            "proxy_id": 630650271860154179,
            "quic_override": "NONE",
            "self_link": "https://www.googleapis.com/compute/v1/projects/cloud-resume-gcp-478116/global/targetHttpsProxies/resume-https-proxy",
            "server_tls_policy": "",
            "ssl_certificates": [
              "https://www.googleapis.com/compute/v1/projects/cloud-resume-gcp-478116/global/sslCertificates/resume-cert"
            ],
            "ssl_policy": "",
            "timeouts": null,
            "tls_early_data": "DISABLED",
            "url_map": "https://www.googleapis.com/compute/v1/projects/cloud-resume-gcp-478116/global/urlMaps/resume-url-map"
          },
          "sensitive_attributes": [],
          "identity_schema_version": 0,
          "private": "eyJlMmJmYjczMC1lY2FhLTExZTYtOGY4OC0zNDM2M2JjN2M0YzAiOnsiY3JlYXRlIjoxMjAwMDAwMDAwMDAwLCJkZWxldGUiOjEyMDAwMDAwMDAwMDAsInVwZGF0ZSI6MTIwMDAwMDAwMDAwMH19",
          "dependencies": [
            "data.archive_file.function_zip",
            "google_cloudfunctions2_function.visitor_counter",
            "google_compute_backend_bucket.resume_backend",
            "google_compute_backend_service.visitor_backend_service",
            "google_compute_managed_ssl_certificate.resume_cert",
            "google_compute_region_network_endpoint_group.visitor_neg",
            "google_compute_url_map.resume_url_map",
            "google_project_service.cloudbuild_api",
            "google_project_service.cloudfunctions_api",
            "google_project_service.firestore_api",
            "google_service_account.function_sa",
            "google_storage_bucket.function_bucket",
            "google_storage_bucket.resume_bucket",
            "google_storage_bucket_object.function_zip_object"
          ]
        }
      ]
    },
    {
      "mode": "managed",
      "type": "google_compute_url_map",
      "name": "resume_url_map",
      "provider": "provider[\"registry.terraform.io/hashicorp/google\"]",
      "instances": [
        {
          "schema_version": 0,
          "attributes": {
            "creation_timestamp": "2025-11-14T18:12:48.988-08:00",
            "default_custom_error_response_policy": [],
            "default_route_action": [],
            "default_service": "https://www.googleapis.com/compute/v1/projects/cloud-resume-gcp-478116/global/backendBuckets/resume-backend-bucket",
            "default_url_redirect": [],
            "description": "",
            "fingerprint": "PXgBnY1BzWU=",
            "header_action": [],
            "host_rule": [
              {
                "description": "",
                "hosts": [
                  "tantiboro.com",
                  "www.tantiboro.com"
                ],
                "path_matcher": "resume-routes"
              }
            ],
            "id": "projects/cloud-resume-gcp-478116/global/urlMaps/resume-url-map",
            "map_id": 8361142000757137231,
            "name": "resume-url-map",
            "path_matcher": [
              {
                "default_custom_error_response_policy": [],
                "default_route_action": [],
                "default_service": "https://www.googleapis.com/compute/v1/projects/cloud-resume-gcp-478116/global/backendBuckets/resume-backend-bucket",
                "default_url_redirect": [],
                "description": "",
                "header_action": [],
                "name": "resume-routes",
                "path_rule": [],
                "route_rules": [
                  {
                    "custom_error_response_policy": [],
                    "header_action": [],
                    "match_rules": [
                      {
                        "full_path_match": "",
                        "header_matches": [],
                        "ignore_case": false,
                        "metadata_filters": [],
                        "path_template_match": "",
                        "prefix_match": "/api/counter",
                        "query_parameter_matches": [],
                        "regex_match": ""
                      }
                    ],
                    "priority": 1,
                    "route_action": [],
                    "service": "https://www.googleapis.com/compute/v1/projects/cloud-resume-gcp-478116/global/backendServices/visitor-backend-service",
                    "url_redirect": []
                  }
                ]
              }
            ],
            "project": "cloud-resume-gcp-478116",
            "self_link": "https://www.googleapis.com/compute/v1/projects/cloud-resume-gcp-478116/global/urlMaps/resume-url-map",
            "test": [],
            "timeouts": null
          },
          "sensitive_attributes": [],
          "identity_schema_version": 0,
          "private": "eyJlMmJmYjczMC1lY2FhLTExZTYtOGY4OC0zNDM2M2JjN2M0YzAiOnsiY3JlYXRlIjoxMjAwMDAwMDAwMDAwLCJkZWxldGUiOjEyMDAwMDAwMDAwMDAsInVwZGF0ZSI6MTIwMDAwMDAwMDAwMH19",
          "dependencies": [
            "data.archive_file.function_zip",
            "google_cloudfunctions2_function.visitor_counter",
            "google_compute_backend_bucket.resume_backend",
            "google_compute_backend_service.visitor_backend_service",
            "google_compute_region_network_endpoint_group.visitor_neg",
            "google_project_service.cloudbuild_api",
            "google_project_service.cloudfunctions_api",
            "google_project_service.firestore_api",
            "google_service_account.function_sa",
            "google_storage_bucket.function_bucket",
            "google_storage_bucket.resume_bucket",
            "google_storage_bucket_object.function_zip_object"
          ]
        }
      ]
    },
    {
      "mode": "managed",
      "type": "google_firestore_database",
      "name": "default",
      "provider": "provider[\"registry.terraform.io/hashicorp/google\"]",
      "instances": [
        {
          "schema_version": 0,
          "attributes": {
            "app_engine_integration_mode": "DISABLED",
            "cmek_config": [],
            "concurrency_mode": "PESSIMISTIC",
            "create_time": "",
            "database_edition": "STANDARD",
            "delete_protection_state": "DELETE_PROTECTION_DISABLED",
            "deletion_policy": "ABANDON",
            "earliest_version_time": "2025-11-15T04:10:18.644871Z",
            "etag": "IOqr3oqy85ADMMCjlOKm8pAD",
            "id": "projects/cloud-resume-gcp-478116/databases/(default)",
            "key_prefix": "",
            "location_id": "us-central1",
            "name": "(default)",
            "point_in_time_recovery_enablement": "POINT_IN_TIME_RECOVERY_DISABLED",
            "project": "cloud-resume-gcp-478116",
            "tags": null,
            "timeouts": null,
            "type": "FIRESTORE_NATIVE",
            "uid": "56341e9d-8136-4f9e-93aa-e6f08b54275c",
            "update_time": "",
            "version_retention_period": "3600s"
          },
          "sensitive_attributes": [],
          "identity_schema_version": 0,
          "private": "eyJlMmJmYjczMC1lY2FhLTExZTYtOGY4OC0zNDM2M2JjN2M0YzAiOnsiY3JlYXRlIjoxMjAwMDAwMDAwMDAwLCJkZWxldGUiOjEyMDAwMDAwMDAwMDAsInVwZGF0ZSI6MTIwMDAwMDAwMDAwMH0sInNjaGVtYV92ZXJzaW9uIjoiMCJ9"
        }
      ]
    },
    {
      "mode": "managed",
      "type": "google_project_iam_binding",
      "name": "firestore_access",
      "provider": "provider[\"registry.terraform.io/hashicorp/google\"]",
      "instances": [
        {
          "schema_version": 0,
          "attributes": {
            "condition": [],
            "etag": "BwZDmFuaB2A=",
            "id": "cloud-resume-gcp-478116/roles/datastore.user",
            "members": [
              "serviceAccount:resume-function-sa@cloud-resume-gcp-478116.iam.gserviceaccount.com"
            ],
            "project": "cloud-resume-gcp-478116",
            "role": "roles/datastore.user"
          },
          "sensitive_attributes": [],
          "identity_schema_version": 0,
          "private": "bnVsbA==",
          "dependencies": [
            "google_service_account.function_sa"
          ]
        }
      ]
    },
    {
      "mode": "managed",
      "type": "google_project_service",
      "name": "apigateway_api",
      "provider": "provider[\"registry.terraform.io/hashicorp/google\"]",
      "instances": [
        {
          "schema_version": 0,
          "attributes": {
            "disable_dependent_services": null,
            "disable_on_destroy": true,
            "id": "cloud-resume-gcp-478116/apigateway.googleapis.com",
            "project": "cloud-resume-gcp-478116",
            "service": "apigateway.googleapis.com",
            "timeouts": null
          },
          "sensitive_attributes": [],
          "identity_schema_version": 0,
          "private": "eyJlMmJmYjczMC1lY2FhLTExZTYtOGY4OC0zNDM2M2JjN2M0YzAiOnsiY3JlYXRlIjoxMjAwMDAwMDAwMDAwLCJkZWxldGUiOjEyMDAwMDAwMDAwMDAsInJlYWQiOjYwMDAwMDAwMDAwMCwidXBkYXRlIjoxMjAwMDAwMDAwMDAwfX0="
        }
      ]
    },
    {
      "mode": "managed",
      "type": "google_project_service",
      "name": "cloudbuild_api",
      "provider": "provider[\"registry.terraform.io/hashicorp/google\"]",
      "instances": [
        {
          "schema_version": 0,
          "attributes": {
            "disable_dependent_services": null,
            "disable_on_destroy": false,
            "id": "cloud-resume-gcp-478116/cloudbuild.googleapis.com",
            "project": "cloud-resume-gcp-478116",
            "service": "cloudbuild.googleapis.com",
            "timeouts": null
          },
          "sensitive_attributes": [],
          "identity_schema_version": 0,
          "private": "eyJlMmJmYjczMC1lY2FhLTExZTYtOGY4OC0zNDM2M2JjN2M0YzAiOnsiY3JlYXRlIjoxMjAwMDAwMDAwMDAwLCJkZWxldGUiOjEyMDAwMDAwMDAwMDAsInJlYWQiOjYwMDAwMDAwMDAwMCwidXBkYXRlIjoxMjAwMDAwMDAwMDAwfX0="
        }
      ]
    },
    {
      "mode": "managed",
      "type": "google_project_service",
      "name": "cloudfunctions_api",
      "provider": "provider[\"registry.terraform.io/hashicorp/google\"]",
      "instances": [
        {
          "schema_version": 0,
          "attributes": {
            "disable_dependent_services": null,
            "disable_on_destroy": true,
            "id": "cloud-resume-gcp-478116/cloudfunctions.googleapis.com",
            "project": "cloud-resume-gcp-478116",
            "service": "cloudfunctions.googleapis.com",
            "timeouts": null
          },
          "sensitive_attributes": [],
          "identity_schema_version": 0,
          "private": "eyJlMmJmYjczMC1lY2FhLTExZTYtOGY4OC0zNDM2M2JjN2M0YzAiOnsiY3JlYXRlIjoxMjAwMDAwMDAwMDAwLCJkZWxldGUiOjEyMDAwMDAwMDAwMDAsInJlYWQiOjYwMDAwMDAwMDAwMCwidXBkYXRlIjoxMjAwMDAwMDAwMDAwfX0="
        }
      ]
    },
    {
      "mode": "managed",
      "type": "google_project_service",
      "name": "firestore_api",
      "provider": "provider[\"registry.terraform.io/hashicorp/google\"]",
      "instances": [
        {
          "schema_version": 0,
          "attributes": {
            "disable_dependent_services": null,
            "disable_on_destroy": true,
            "id": "cloud-resume-gcp-478116/firestore.googleapis.com",
            "project": "cloud-resume-gcp-478116",
            "service": "firestore.googleapis.com",
            "timeouts": null
          },
          "sensitive_attributes": [],
          "identity_schema_version": 0,
          "private": "eyJlMmJmYjczMC1lY2FhLTExZTYtOGY4OC0zNDM2M2JjN2M0YzAiOnsiY3JlYXRlIjoxMjAwMDAwMDAwMDAwLCJkZWxldGUiOjEyMDAwMDAwMDAwMDAsInJlYWQiOjYwMDAwMDAwMDAwMCwidXBkYXRlIjoxMjAwMDAwMDAwMDAwfX0="
        }
      ]
    },
    {
      "mode": "managed",
      "type": "google_project_service",
      "name": "storage_api",
      "provider": "provider[\"registry.terraform.io/hashicorp/google\"]",
      "instances": [
        {
          "schema_version": 0,
          "attributes": {
            "disable_dependent_services": null,
            "disable_on_destroy": true,
            "id": "cloud-resume-gcp-478116/storage.googleapis.com",
            "project": "cloud-resume-gcp-478116",
            "service": "storage.googleapis.com",
            "timeouts": null
          },
          "sensitive_attributes": [],
          "identity_schema_version": 0,
          "private": "eyJlMmJmYjczMC1lY2FhLTExZTYtOGY4OC0zNDM2M2JjN2M0YzAiOnsiY3JlYXRlIjoxMjAwMDAwMDAwMDAwLCJkZWxldGUiOjEyMDAwMDAwMDAwMDAsInJlYWQiOjYwMDAwMDAwMDAwMCwidXBkYXRlIjoxMjAwMDAwMDAwMDAwfX0="
        }
      ]
    },
    {
      "mode": "managed",
      "type": "google_service_account",
      "name": "function_sa",
      "provider": "provider[\"registry.terraform.io/hashicorp/google\"]",
      "instances": [
        {
          "schema_version": 0,
          "attributes": {
            "account_id": "resume-function-sa",
            "create_ignore_already_exists": null,
            "description": "",
            "disabled": false,
            "display_name": "Resume Cloud Function Service Account",
            "email": "resume-function-sa@cloud-resume-gcp-478116.iam.gserviceaccount.com",
            "id": "projects/cloud-resume-gcp-478116/serviceAccounts/resume-function-sa@cloud-resume-gcp-478116.iam.gserviceaccount.com",
            "member": "serviceAccount:resume-function-sa@cloud-resume-gcp-478116.iam.gserviceaccount.com",
            "name": "projects/cloud-resume-gcp-478116/serviceAccounts/resume-function-sa@cloud-resume-gcp-478116.iam.gserviceaccount.com",
            "project": "cloud-resume-gcp-478116",
            "timeouts": null,
            "unique_id": "101931585887671836449"
          },
          "sensitive_attributes": [],
          "identity_schema_version": 0,
          "private": "eyJlMmJmYjczMC1lY2FhLTExZTYtOGY4OC0zNDM2M2JjN2M0YzAiOnsiY3JlYXRlIjozMDAwMDAwMDAwMDB9LCJzY2hlbWFfdmVyc2lvbiI6IjAifQ=="
        }
      ]
    },
    {
      "mode": "managed",
      "type": "google_storage_bucket",
      "name": "function_bucket",
      "provider": "provider[\"registry.terraform.io/hashicorp/google\"]",
      "instances": [
        {
          "schema_version": 3,
          "attributes": {
            "autoclass": [],
            "cors": [],
            "custom_placement_config": [],
            "default_event_based_hold": false,
            "effective_labels": {
              "goog-terraform-provisioned": "true"
            },
            "enable_object_retention": false,
            "encryption": [],
            "force_destroy": true,
            "hierarchical_namespace": [
              {
                "enabled": false
              }
            ],
            "id": "cloud-resume-gcp-478116-function-bucket",
            "ip_filter": [],
            "labels": {},
            "lifecycle_rule": [],
            "location": "US-CENTRAL1",
            "logging": [],
            "name": "cloud-resume-gcp-478116-function-bucket",
            "project": "cloud-resume-gcp-478116",
            "project_number": 425194691072,
            "public_access_prevention": "inherited",
            "requester_pays": false,
            "retention_policy": [],
            "rpo": null,
            "self_link": "https://www.googleapis.com/storage/v1/b/cloud-resume-gcp-478116-function-bucket",
            "soft_delete_policy": [
              {
                "effective_time": "2025-11-14T21:59:07.832Z",
                "retention_duration_seconds": 604800
              }
            ],
            "storage_class": "STANDARD",
            "terraform_labels": {
              "goog-terraform-provisioned": "true"
            },
            "time_created": "2025-11-14T21:59:07.832Z",
            "timeouts": null,
            "uniform_bucket_level_access": false,
            "updated": "2025-11-14T21:59:07.832Z",
            "url": "gs://cloud-resume-gcp-478116-function-bucket",
            "versioning": [],
            "website": []
          },
          "sensitive_attributes": [],
          "identity_schema_version": 0,
          "private": "eyJlMmJmYjczMC1lY2FhLTExZTYtOGY4OC0zNDM2M2JjN2M0YzAiOnsiY3JlYXRlIjo2MDAwMDAwMDAwMDAsInJlYWQiOjI0MDAwMDAwMDAwMCwidXBkYXRlIjoyNDAwMDAwMDAwMDB9LCJzY2hlbWFfdmVyc2lvbiI6IjMifQ=="
        }
      ]
    },
    {
      "mode": "managed",
      "type": "google_storage_bucket",
      "name": "resume_bucket",
      "provider": "provider[\"registry.terraform.io/hashicorp/google\"]",
      "instances": [
        {
          "schema_version": 3,
          "attributes": {
            "autoclass": [],
            "cors": [],
            "custom_placement_config": [],
            "default_event_based_hold": false,
            "effective_labels": {
              "goog-terraform-provisioned": "true"
            },
            "enable_object_retention": false,
            "encryption": [],
            "force_destroy": true,
            "hierarchical_namespace": [
              {
                "enabled": false
              }
            ],
            "id": "cloud-resume-gcp-478116-resume-site",
            "ip_filter": [],
            "labels": {},
            "lifecycle_rule": [],
            "location": "US-CENTRAL1",
            "logging": [],
            "name": "cloud-resume-gcp-478116-resume-site",
            "project": "cloud-resume-gcp-478116",
            "project_number": 425194691072,
            "public_access_prevention": "inherited",
            "requester_pays": false,
            "retention_policy": [],
            "rpo": null,
            "self_link": "https://www.googleapis.com/storage/v1/b/cloud-resume-gcp-478116-resume-site",
            "soft_delete_policy": [
              {
                "effective_time": "2025-11-15T02:12:24.725Z",
                "retention_duration_seconds": 604800
              }
            ],
            "storage_class": "STANDARD",
            "terraform_labels": {
              "goog-terraform-provisioned": "true"
            },
            "time_created": "2025-11-15T02:12:24.725Z",
            "timeouts": null,
            "uniform_bucket_level_access": false,
            "updated": "2025-11-15T02:12:26.540Z",
            "url": "gs://cloud-resume-gcp-478116-resume-site",
            "versioning": [],
            "website": [
              {
                "main_page_suffix": "index.html",
                "not_found_page": "404.html"
              }
            ]
          },
          "sensitive_attributes": [],
          "identity_schema_version": 0,
          "private": "eyJlMmJmYjczMC1lY2FhLTExZTYtOGY4OC0zNDM2M2JjN2M0YzAiOnsiY3JlYXRlIjo2MDAwMDAwMDAwMDAsInJlYWQiOjI0MDAwMDAwMDAwMCwidXBkYXRlIjoyNDAwMDAwMDAwMDB9LCJzY2hlbWFfdmVyc2lvbiI6IjMifQ=="
        }
      ]
    },
    {
      "mode": "managed",
      "type": "google_storage_bucket_iam_binding",
      "name": "public",
      "provider": "provider[\"registry.terraform.io/hashicorp/google\"]",
      "instances": [
        {
          "schema_version": 0,
          "attributes": {
            "bucket": "b/cloud-resume-gcp-478116-resume-site",
            "condition": [],
            "etag": "CAI=",
            "id": "b/cloud-resume-gcp-478116-resume-site/roles/storage.objectViewer",
            "members": [
              "allUsers"
            ],
            "role": "roles/storage.objectViewer"
          },
          "sensitive_attributes": [],
          "identity_schema_version": 0,
          "private": "bnVsbA==",
          "dependencies": [
            "google_storage_bucket.resume_bucket"
          ]
        }
      ]
    },
    {
      "mode": "managed",
      "type": "google_storage_bucket_object",
      "name": "function_zip_object",
      "provider": "provider[\"registry.terraform.io/hashicorp/google\"]",
      "instances": [
        {
          "schema_version": 0,
          "attributes": {
            "bucket": "cloud-resume-gcp-478116-function-bucket",
            "cache_control": "",
            "content": null,
            "content_disposition": "",
            "content_encoding": "",
            "content_language": "",
            "content_type": "application/zip",
            "crc32c": "m3JULg==",
            "customer_encryption": [],
            "deletion_policy": null,
            "detect_md5hash": "dKxKx8gHjGFbbSJtMjq2rQ==",
            "event_based_hold": false,
            "force_empty_content_type": null,
            "generation": 1763157550811733,
            "id": "cloud-resume-gcp-478116-function-bucket-function.zip",
            "kms_key_name": "",
            "md5hash": "dKxKx8gHjGFbbSJtMjq2rQ==",
            "md5hexhash": "74ac4ac7c8078c615b6d226d323ab6ad",
            "media_link": "https://storage.googleapis.com/download/storage/v1/b/cloud-resume-gcp-478116-function-bucket/o/function.zip?generation=1763157550811733\u0026alt=media",
            "metadata": {},
            "name": "function.zip",
            "output_name": "function.zip",
            "retention": [],
            "self_link": "https://www.googleapis.com/storage/v1/b/cloud-resume-gcp-478116-function-bucket/o/function.zip",
            "source": "./function.zip",
            "source_md5hash": "",
            "storage_class": "STANDARD",
            "temporary_hold": false,
            "timeouts": null
          },
          "sensitive_attributes": [
            [
              {
                "type": "get_attr",
                "value": "content"
              }
            ]
          ],
          "identity_schema_version": 0,
          "private": "eyJlMmJmYjczMC1lY2FhLTExZTYtOGY4OC0zNDM2M2JjN2M0YzAiOnsiY3JlYXRlIjoyNDAwMDAwMDAwMDAsImRlbGV0ZSI6MjQwMDAwMDAwMDAwLCJ1cGRhdGUiOjI0MDAwMDAwMDAwMH19",
          "dependencies": [
            "data.archive_file.function_zip",
            "google_storage_bucket.function_bucket"
          ]
        }
      ]
    },
    {
      "mode": "managed",
      "type": "google_storage_bucket_object",
      "name": "index",
      "provider": "provider[\"registry.terraform.io/hashicorp/google\"]",
      "instances": [
        {
          "schema_version": 0,
          "attributes": {
            "bucket": "cloud-resume-gcp-478116-resume-site",
            "cache_control": "",
            "content": null,
            "content_disposition": "",
            "content_encoding": "",
            "content_language": "",
            "content_type": "text/html; charset=utf-8",
            "crc32c": "sS1czw==",
            "customer_encryption": [],
            "deletion_policy": null,
            "detect_md5hash": "Ql0Kqafb/AJ6wq++Xy/mog==",
            "event_based_hold": false,
            "force_empty_content_type": null,
            "generation": 1763172746010304,
            "id": "cloud-resume-gcp-478116-resume-site-index.html",
            "kms_key_name": "",
            "md5hash": "Ql0Kqafb/AJ6wq++Xy/mog==",
            "md5hexhash": "425d0aa9a7dbfc027ac2afbe5f2fe6a2",
            "media_link": "https://storage.googleapis.com/download/storage/v1/b/cloud-resume-gcp-478116-resume-site/o/index.html?generation=1763172746010304\u0026alt=media",
            "metadata": {},
            "name": "index.html",
            "output_name": "index.html",
            "retention": [],
            "self_link": "https://www.googleapis.com/storage/v1/b/cloud-resume-gcp-478116-resume-site/o/index.html",
            "source": "../frontend/index.html",
            "source_md5hash": "",
            "storage_class": "STANDARD",
            "temporary_hold": false,
            "timeouts": null
          },
          "sensitive_attributes": [
            [
              {
                "type": "get_attr",
                "value": "content"
              }
            ]
          ],
          "identity_schema_version": 0,
          "private": "eyJlMmJmYjczMC1lY2FhLTExZTYtOGY4OC0zNDM2M2JjN2M0YzAiOnsiY3JlYXRlIjoyNDAwMDAwMDAwMDAsImRlbGV0ZSI6MjQwMDAwMDAwMDAwLCJ1cGRhdGUiOjI0MDAwMDAwMDAwMH19",
          "dependencies": [
            "google_storage_bucket.resume_bucket"
          ]
        }
      ]
    }
  ],
  "check_results": null
}
